dependencies:
  h2zero/esp-nimble-cpp:
    component_hash: 720050476f7fb47bd0aa08a94642fd09a50536391d60081858702a789405d76f
    dependencies:
    - name: espressif/esp_hosted
      registry_url: https://components.espressif.com
      require: private
      rules:
      - if: target in [esp32p4]
      version: '*'
    - name: espressif/esp_wifi_remote
      registry_url: https://components.espressif.com
      require: private
      rules:
      - if: target in [esp32p4]
      version: '>=0.5.3'
    - name: idf
      require: private
      rules:
      - if: target in [esp32p4]
      version: '>=5.3.0'
    source:
      registry_url: https://components.espressif.com/
      type: service
    version: 2.5.0
  idf:
    source:
      type: idf
    version: 5.5.5
direct_dependencies:
- h2zero/esp-nimble-cpp
- idf
manifest_hash: 844c2f05cb52b65c96f624fbc8b92c6ce56a8adee3a4a0098b68fd97e8b3ff5f
target: esp32c6
version: 2.0.0
